
Microsoft Visual Studio Solution File, Format Version 12.00
# Visual Studio 14
VisualStudioVersion = 14.0.25123.0
MinimumVisualStudioVersion = 10.0.40219.1
Project("{2150E333-8FDC-42A3-9474-1A3956D46DE8}") = "1 - Servicos", "1 - Servicos", "{14E847A1-3F11-415C-9DD3-299EF85DE28A}"
EndProject
Project("{2150E333-8FDC-42A3-9474-1A3956D46DE8}") = "2 - Aplicacao", "2 - Aplicacao", "{0669146E-F9AD-46D4-A6E5-182D39FA5244}"
EndProject
Project("{2150E333-8FDC-42A3-9474-1A3956D46DE8}") = "3 - Dominio", "3 - Dominio", "{F6D62EEC-779F-4865-BC7D-D47E69CCF190}"
EndProject
Project("{2150E333-8FDC-42A3-9474-1A3956D46DE8}") = "4 - Infra", "4 - Infra", "{60E893EB-F3AC-4180-BFD0-242FB27E429F}"
EndProject
Project("{2150E333-8FDC-42A3-9474-1A3956D46DE8}") = "4.1 - Dados", "4.1 - Dados", "{7D8AF72B-8FF1-4C45-91D6-778913ABB19C}"
EndProject
Project("{2150E333-8FDC-42A3-9474-1A3956D46DE8}") = "4.2 - CorteVertical", "4.2 - CorteVertical", "{C4782A5A-8C3E-4162-B2FB-8B751E4C4B84}"
EndProject
Project("{FAE04EC0-301F-11D3-BF4B-00C04F79EFBC}") = "GoProjects.Utilidades", "Utilidades\GoProjects.Utilidades.csproj", "{B6B6CB98-700F-42D5-A171-332586A60C97}"
EndProject
Project("{FAE04EC0-301F-11D3-BF4B-00C04F79EFBC}") = "GoProjects.API", "GoProjects.API\GoProjects.API.csproj", "{E08B5AC0-63D4-4036-9607-35E44FF97C07}"
EndProject
Project("{FAE04EC0-301F-11D3-BF4B-00C04F79EFBC}") = "GoProjects.APITest", "GoProjects.APITest\GoProjects.APITest.csproj", "{59F77BCD-9236-4EC1-925F-2EA8272D3295}"
EndProject
Project("{FAE04EC0-301F-11D3-BF4B-00C04F79EFBC}") = "GoProjects.Aplicacao", "GoProjects.Aplicacao\GoProjects.Aplicacao.csproj", "{812FC69E-CC0D-46F1-89CE-607DA2DAB466}"
EndProject
Project("{FAE04EC0-301F-11D3-BF4B-00C04F79EFBC}") = "GoProjects.AplicacaoTest", "GoProjects.AplicacaoTest\GoProjects.AplicacaoTest.csproj", "{691C465E-CB5C-404A-A977-1F463246DB8D}"
EndProject
Project("{FAE04EC0-301F-11D3-BF4B-00C04F79EFBC}") = "GoProjects.Dominio", "GoProjects.Dominio\GoProjects.Dominio.csproj", "{F2BD3335-F196-4602-A120-77F0F8B0AE40}"
EndProject
Project("{FAE04EC0-301F-11D3-BF4B-00C04F79EFBC}") = "GoProjects.DominioTest", "GoProjects.DominioTest\GoProjects.DominioTest.csproj", "{27F0B01F-3D0B-4426-AE00-A428841BC76F}"
EndProject
Project("{FAE04EC0-301F-11D3-BF4B-00C04F79EFBC}") = "GoProjects.Infra.Dados", "GoProjects.Infra.Data\GoProjects.Infra.Dados.csproj", "{DF2F77FA-CB70-401F-BEFD-35718E60E977}"
EndProject
Project("{FAE04EC0-301F-11D3-BF4B-00C04F79EFBC}") = "GoProjects.Infra.DadosTest", "GoProjects.Infra.DadosTest\GoProjects.Infra.DadosTest.csproj", "{3BE8C96D-1484-4E64-9A7B-AAD170317C47}"
EndProject
Global
	GlobalSection(SolutionConfigurationPlatforms) = preSolution
		Debug|Any CPU = Debug|Any CPU
		Release|Any CPU = Release|Any CPU
	EndGlobalSection
	GlobalSection(ProjectConfigurationPlatforms) = postSolution
		{B6B6CB98-700F-42D5-A171-332586A60C97}.Debug|Any CPU.ActiveCfg = Debug|Any CPU
		{B6B6CB98-700F-42D5-A171-332586A60C97}.Debug|Any CPU.Build.0 = Debug|Any CPU
		{B6B6CB98-700F-42D5-A171-332586A60C97}.Release|Any CPU.ActiveCfg = Release|Any CPU
		{B6B6CB98-700F-42D5-A171-332586A60C97}.Release|Any CPU.Build.0 = Release|Any CPU
		{E08B5AC0-63D4-4036-9607-35E44FF97C07}.Debug|Any CPU.ActiveCfg = Debug|Any CPU
		{E08B5AC0-63D4-4036-9607-35E44FF97C07}.Debug|Any CPU.Build.0 = Debug|Any CPU
		{E08B5AC0-63D4-4036-9607-35E44FF97C07}.Release|Any CPU.ActiveCfg = Release|Any CPU
		{E08B5AC0-63D4-4036-9607-35E44FF97C07}.Release|Any CPU.Build.0 = Release|Any CPU
		{59F77BCD-9236-4EC1-925F-2EA8272D3295}.Debug|Any CPU.ActiveCfg = Debug|Any CPU
		{59F77BCD-9236-4EC1-925F-2EA8272D3295}.Debug|Any CPU.Build.0 = Debug|Any CPU
		{59F77BCD-9236-4EC1-925F-2EA8272D3295}.Release|Any CPU.ActiveCfg = Release|Any CPU
		{59F77BCD-9236-4EC1-925F-2EA8272D3295}.Release|Any CPU.Build.0 = Release|Any CPU
		{812FC69E-CC0D-46F1-89CE-607DA2DAB466}.Debug|Any CPU.ActiveCfg = Debug|Any CPU
		{812FC69E-CC0D-46F1-89CE-607DA2DAB466}.Debug|Any CPU.Build.0 = Debug|Any CPU
		{812FC69E-CC0D-46F1-89CE-607DA2DAB466}.Release|Any CPU.ActiveCfg = Release|Any CPU
		{812FC69E-CC0D-46F1-89CE-607DA2DAB466}.Release|Any CPU.Build.0 = Release|Any CPU
		{691C465E-CB5C-404A-A977-1F463246DB8D}.Debug|Any CPU.ActiveCfg = Debug|Any CPU
		{691C465E-CB5C-404A-A977-1F463246DB8D}.Debug|Any CPU.Build.0 = Debug|Any CPU
		{691C465E-CB5C-404A-A977-1F463246DB8D}.Release|Any CPU.ActiveCfg = Release|Any CPU
		{691C465E-CB5C-404A-A977-1F463246DB8D}.Release|Any CPU.Build.0 = Release|Any CPU
		{F2BD3335-F196-4602-A120-77F0F8B0AE40}.Debug|Any CPU.ActiveCfg = Debug|Any CPU
		{F2BD3335-F196-4602-A120-77F0F8B0AE40}.Debug|Any CPU.Build.0 = Debug|Any CPU
		{F2BD3335-F196-4602-A120-77F0F8B0AE40}.Release|Any CPU.ActiveCfg = Release|Any CPU
		{F2BD3335-F196-4602-A120-77F0F8B0AE40}.Release|Any CPU.Build.0 = Release|Any CPU
		{27F0B01F-3D0B-4426-AE00-A428841BC76F}.Debug|Any CPU.ActiveCfg = Debug|Any CPU
		{27F0B01F-3D0B-4426-AE00-A428841BC76F}.Debug|Any CPU.Build.0 = Debug|Any CPU
		{27F0B01F-3D0B-4426-AE00-A428841BC76F}.Release|Any CPU.ActiveCfg = Release|Any CPU
		{27F0B01F-3D0B-4426-AE00-A428841BC76F}.Release|Any CPU.Build.0 = Release|Any CPU
		{DF2F77FA-CB70-401F-BEFD-35718E60E977}.Debug|Any CPU.ActiveCfg = Debug|Any CPU
		{DF2F77FA-CB70-401F-BEFD-35718E60E977}.Debug|Any CPU.Build.0 = Debug|Any CPU
		{DF2F77FA-CB70-401F-BEFD-35718E60E977}.Release|Any CPU.ActiveCfg = Release|Any CPU
		{DF2F77FA-CB70-401F-BEFD-35718E60E977}.Release|Any CPU.Build.0 = Release|Any CPU
		{3BE8C96D-1484-4E64-9A7B-AAD170317C47}.Debug|Any CPU.ActiveCfg = Debug|Any CPU
		{3BE8C96D-1484-4E64-9A7B-AAD170317C47}.Debug|Any CPU.Build.0 = Debug|Any CPU
		{3BE8C96D-1484-4E64-9A7B-AAD170317C47}.Release|Any CPU.ActiveCfg = Release|Any CPU
		{3BE8C96D-1484-4E64-9A7B-AAD170317C47}.Release|Any CPU.Build.0 = Release|Any CPU
	EndGlobalSection
	GlobalSection(SolutionProperties) = preSolution
		HideSolutionNode = FALSE
	EndGlobalSection
	GlobalSection(NestedProjects) = preSolution
		{7D8AF72B-8FF1-4C45-91D6-778913ABB19C} = {60E893EB-F3AC-4180-BFD0-242FB27E429F}
		{C4782A5A-8C3E-4162-B2FB-8B751E4C4B84} = {60E893EB-F3AC-4180-BFD0-242FB27E429F}
		{B6B6CB98-700F-42D5-A171-332586A60C97} = {C4782A5A-8C3E-4162-B2FB-8B751E4C4B84}
		{E08B5AC0-63D4-4036-9607-35E44FF97C07} = {14E847A1-3F11-415C-9DD3-299EF85DE28A}
		{59F77BCD-9236-4EC1-925F-2EA8272D3295} = {14E847A1-3F11-415C-9DD3-299EF85DE28A}
		{812FC69E-CC0D-46F1-89CE-607DA2DAB466} = {0669146E-F9AD-46D4-A6E5-182D39FA5244}
		{691C465E-CB5C-404A-A977-1F463246DB8D} = {0669146E-F9AD-46D4-A6E5-182D39FA5244}
		{F2BD3335-F196-4602-A120-77F0F8B0AE40} = {F6D62EEC-779F-4865-BC7D-D47E69CCF190}
		{27F0B01F-3D0B-4426-AE00-A428841BC76F} = {F6D62EEC-779F-4865-BC7D-D47E69CCF190}
		{DF2F77FA-CB70-401F-BEFD-35718E60E977} = {7D8AF72B-8FF1-4C45-91D6-778913ABB19C}
		{3BE8C96D-1484-4E64-9A7B-AAD170317C47} = {7D8AF72B-8FF1-4C45-91D6-778913ABB19C}
	EndGlobalSection
EndGlobal
